
Microsoft Visual Studio Solution File, Format Version 12.00
# Visual Studio Version 16
VisualStudioVersion = 16.0.30225.117
MinimumVisualStudioVersion = 10.0.40219.1
Project("{9A19103F-16F7-4668-BE54-9A1E7A4F7556}") = "Taxi.Common", "Taxi.Common\Taxi.Common.csproj", "{6FC61C5F-E9D5-49A6-81C9-FBBFB9004480}"
EndProject
Project("{9A19103F-16F7-4668-BE54-9A1E7A4F7556}") = "Taxi.Web", "Taxi.Web\Taxi.Web.csproj", "{336BE629-129C-4D83-8A70-77BCECF272E9}"
EndProject
Project("{9A19103F-16F7-4668-BE54-9A1E7A4F7556}") = "Taxi.Prism", "Taxi.Prism\Taxi.Prism\Taxi.Prism.csproj", "{A10B31CC-6260-4E21-B632-E100B8A47A64}"
EndProject
Project("{FAE04EC0-301F-11D3-BF4B-00C04F79EFBC}") = "Taxi.Prism.Android", "Taxi.Prism\Taxi.Prism.Android\Taxi.Prism.Android.csproj", "{B0AD4EA3-61E1-4F2D-800C-5A3C4077FE54}"
EndProject
Project("{FAE04EC0-301F-11D3-BF4B-00C04F79EFBC}") = "Taxi.Prism.iOS", "Taxi.Prism\Taxi.Prism.iOS\Taxi.Prism.iOS.csproj", "{99BD6EF3-351E-4E70-B608-2E4868DDD557}"
EndProject
Project("{FAE04EC0-301F-11D3-BF4B-00C04F79EFBC}") = "Taxi.Cross.Android", "Taxi.Cross.Android\Taxi.Cross.Android.csproj", "{184F66C3-1A62-4E09-BA34-603697740B6F}"
EndProject
Project("{FAE04EC0-301F-11D3-BF4B-00C04F79EFBC}") = "Taxi.Cross.iOS", "Taxi.Cross.iOS\Taxi.Cross.iOS.csproj", "{D4BE2937-FE8F-4E84-ABE7-9627B11FA8C8}"
EndProject
Global
	GlobalSection(SolutionConfigurationPlatforms) = preSolution
		Ad-Hoc|Any CPU = Ad-Hoc|Any CPU
		Ad-Hoc|iPhone = Ad-Hoc|iPhone
		Ad-Hoc|iPhoneSimulator = Ad-Hoc|iPhoneSimulator
		AppStore|Any CPU = AppStore|Any CPU
		AppStore|iPhone = AppStore|iPhone
		AppStore|iPhoneSimulator = AppStore|iPhoneSimulator
		Debug|Any CPU = Debug|Any CPU
		Debug|iPhone = Debug|iPhone
		Debug|iPhoneSimulator = Debug|iPhoneSimulator
		Release|Any CPU = Release|Any CPU
		Release|iPhone = Release|iPhone
		Release|iPhoneSimulator = Release|iPhoneSimulator
	EndGlobalSection
	GlobalSection(ProjectConfigurationPlatforms) = postSolution
		{6FC61C5F-E9D5-49A6-81C9-FBBFB9004480}.Ad-Hoc|Any CPU.ActiveCfg = Release|Any CPU
		{6FC61C5F-E9D5-49A6-81C9-FBBFB9004480}.Ad-Hoc|Any CPU.Build.0 = Release|Any CPU
		{6FC61C5F-E9D5-49A6-81C9-FBBFB9004480}.Ad-Hoc|iPhone.ActiveCfg = Release|Any CPU
		{6FC61C5F-E9D5-49A6-81C9-FBBFB9004480}.Ad-Hoc|iPhone.Build.0 = Release|Any CPU
		{6FC61C5F-E9D5-49A6-81C9-FBBFB9004480}.Ad-Hoc|iPhoneSimulator.ActiveCfg = Release|Any CPU
		{6FC61C5F-E9D5-49A6-81C9-FBBFB9004480}.Ad-Hoc|iPhoneSimulator.Build.0 = Release|Any CPU
		{6FC61C5F-E9D5-49A6-81C9-FBBFB9004480}.AppStore|Any CPU.ActiveCfg = Release|Any CPU
		{6FC61C5F-E9D5-49A6-81C9-FBBFB9004480}.AppStore|Any CPU.Build.0 = Release|Any CPU
		{6FC61C5F-E9D5-49A6-81C9-FBBFB9004480}.AppStore|iPhone.ActiveCfg = Release|Any CPU
		{6FC61C5F-E9D5-49A6-81C9-FBBFB9004480}.AppStore|iPhone.Build.0 = Release|Any CPU
		{6FC61C5F-E9D5-49A6-81C9-FBBFB9004480}.AppStore|iPhoneSimulator.ActiveCfg = Release|Any CPU
		{6FC61C5F-E9D5-49A6-81C9-FBBFB9004480}.AppStore|iPhoneSimulator.Build.0 = Release|Any CPU
		{6FC61C5F-E9D5-49A6-81C9-FBBFB9004480}.Debug|Any CPU.ActiveCfg = Debug|Any CPU
		{6FC61C5F-E9D5-49A6-81C9-FBBFB9004480}.Debug|Any CPU.Build.0 = Debug|Any CPU
		{6FC61C5F-E9D5-49A6-81C9-FBBFB9004480}.Debug|iPhone.ActiveCfg = Debug|Any CPU
		{6FC61C5F-E9D5-49A6-81C9-FBBFB9004480}.Debug|iPhone.Build.0 = Debug|Any CPU
		{6FC61C5F-E9D5-49A6-81C9-FBBFB9004480}.Debug|iPhoneSimulator.ActiveCfg = Debug|Any CPU
		{6FC61C5F-E9D5-49A6-81C9-FBBFB9004480}.Debug|iPhoneSimulator.Build.0 = Debug|Any CPU
		{6FC61C5F-E9D5-49A6-81C9-FBBFB9004480}.Release|Any CPU.ActiveCfg = Release|Any CPU
		{6FC61C5F-E9D5-49A6-81C9-FBBFB9004480}.Release|Any CPU.Build.0 = Release|Any CPU
		{6FC61C5F-E9D5-49A6-81C9-FBBFB9004480}.Release|iPhone.ActiveCfg = Release|Any CPU
		{6FC61C5F-E9D5-49A6-81C9-FBBFB9004480}.Release|iPhone.Build.0 = Release|Any CPU
		{6FC61C5F-E9D5-49A6-81C9-FBBFB9004480}.Release|iPhoneSimulator.ActiveCfg = Release|Any CPU
		{6FC61C5F-E9D5-49A6-81C9-FBBFB9004480}.Release|iPhoneSimulator.Build.0 = Release|Any CPU
		{336BE629-129C-4D83-8A70-77BCECF272E9}.Ad-Hoc|Any CPU.ActiveCfg = Release|Any CPU
		{336BE629-129C-4D83-8A70-77BCECF272E9}.Ad-Hoc|Any CPU.Build.0 = Release|Any CPU
		{336BE629-129C-4D83-8A70-77BCECF272E9}.Ad-Hoc|iPhone.ActiveCfg = Release|Any CPU
		{336BE629-129C-4D83-8A70-77BCECF272E9}.Ad-Hoc|iPhone.Build.0 = Release|Any CPU
		{336BE629-129C-4D83-8A70-77BCECF272E9}.Ad-Hoc|iPhoneSimulator.ActiveCfg = Release|Any CPU
		{336BE629-129C-4D83-8A70-77BCECF272E9}.Ad-Hoc|iPhoneSimulator.Build.0 = Release|Any CPU
		{336BE629-129C-4D83-8A70-77BCECF272E9}.AppStore|Any CPU.ActiveCfg = Release|Any CPU
		{336BE629-129C-4D83-8A70-77BCECF272E9}.AppStore|Any CPU.Build.0 = Release|Any CPU
		{336BE629-129C-4D83-8A70-77BCECF272E9}.AppStore|iPhone.ActiveCfg = Release|Any CPU
		{336BE629-129C-4D83-8A70-77BCECF272E9}.AppStore|iPhone.Build.0 = Release|Any CPU
		{336BE629-129C-4D83-8A70-77BCECF272E9}.AppStore|iPhoneSimulator.ActiveCfg = Release|Any CPU
		{336BE629-129C-4D83-8A70-77BCECF272E9}.AppStore|iPhoneSimulator.Build.0 = Release|Any CPU
		{336BE629-129C-4D83-8A70-77BCECF272E9}.Debug|Any CPU.ActiveCfg = Debug|Any CPU
		{336BE629-129C-4D83-8A70-77BCECF272E9}.Debug|Any CPU.Build.0 = Debug|Any CPU
		{336BE629-129C-4D83-8A70-77BCECF272E9}.Debug|iPhone.ActiveCfg = Debug|Any CPU
		{336BE629-129C-4D83-8A70-77BCECF272E9}.Debug|iPhone.Build.0 = Debug|Any CPU
		{336BE629-129C-4D83-8A70-77BCECF272E9}.Debug|iPhoneSimulator.ActiveCfg = Debug|Any CPU
		{336BE629-129C-4D83-8A70-77BCECF272E9}.Debug|iPhoneSimulator.Build.0 = Debug|Any CPU
		{336BE629-129C-4D83-8A70-77BCECF272E9}.Release|Any CPU.ActiveCfg = Release|Any CPU
		{336BE629-129C-4D83-8A70-77BCECF272E9}.Release|Any CPU.Build.0 = Release|Any CPU
		{336BE629-129C-4D83-8A70-77BCECF272E9}.Release|iPhone.ActiveCfg = Release|Any CPU
		{336BE629-129C-4D83-8A70-77BCECF272E9}.Release|iPhone.Build.0 = Release|Any CPU
		{336BE629-129C-4D83-8A70-77BCECF272E9}.Release|iPhoneSimulator.ActiveCfg = Release|Any CPU
		{336BE629-129C-4D83-8A70-77BCECF272E9}.Release|iPhoneSimulator.Build.0 = Release|Any CPU
		{A10B31CC-6260-4E21-B632-E100B8A47A64}.Ad-Hoc|Any CPU.ActiveCfg = Debug|Any CPU
		{A10B31CC-6260-4E21-B632-E100B8A47A64}.Ad-Hoc|Any CPU.Build.0 = Debug|Any CPU
		{A10B31CC-6260-4E21-B632-E100B8A47A64}.Ad-Hoc|iPhone.ActiveCfg = Debug|Any CPU
		{A10B31CC-6260-4E21-B632-E100B8A47A64}.Ad-Hoc|iPhone.Build.0 = Debug|Any CPU
		{A10B31CC-6260-4E21-B632-E100B8A47A64}.Ad-Hoc|iPhoneSimulator.ActiveCfg = Debug|Any CPU
		{A10B31CC-6260-4E21-B632-E100B8A47A64}.Ad-Hoc|iPhoneSimulator.Build.0 = Debug|Any CPU
		{A10B31CC-6260-4E21-B632-E100B8A47A64}.AppStore|Any CPU.ActiveCfg = Debug|Any CPU
		{A10B31CC-6260-4E21-B632-E100B8A47A64}.AppStore|Any CPU.Build.0 = Debug|Any CPU
		{A10B31CC-6260-4E21-B632-E100B8A47A64}.AppStore|iPhone.ActiveCfg = Debug|Any CPU
		{A10B31CC-6260-4E21-B632-E100B8A47A64}.AppStore|iPhone.Build.0 = Debug|Any CPU
		{A10B31CC-6260-4E21-B632-E100B8A47A64}.AppStore|iPhoneSimulator.ActiveCfg = Debug|Any CPU
		{A10B31CC-6260-4E21-B632-E100B8A47A64}.AppStore|iPhoneSimulator.Build.0 = Debug|Any CPU
		{A10B31CC-6260-4E21-B632-E100B8A47A64}.Debug|Any CPU.ActiveCfg = Debug|Any CPU
		{A10B31CC-6260-4E21-B632-E100B8A47A64}.Debug|Any CPU.Build.0 = Debug|Any CPU
		{A10B31CC-6260-4E21-B632-E100B8A47A64}.Debug|iPhone.ActiveCfg = Debug|Any CPU
		{A10B31CC-6260-4E21-B632-E100B8A47A64}.Debug|iPhone.Build.0 = Debug|Any CPU
		{A10B31CC-6260-4E21-B632-E100B8A47A64}.Debug|iPhoneSimulator.ActiveCfg = Debug|Any CPU
		{A10B31CC-6260-4E21-B632-E100B8A47A64}.Debug|iPhoneSimulator.Build.0 = Debug|Any CPU
		{A10B31CC-6260-4E21-B632-E100B8A47A64}.Release|Any CPU.ActiveCfg = Release|Any CPU
		{A10B31CC-6260-4E21-B632-E100B8A47A64}.Release|Any CPU.Build.0 = Release|Any CPU
		{A10B31CC-6260-4E21-B632-E100B8A47A64}.Release|iPhone.ActiveCfg = Release|Any CPU
		{A10B31CC-6260-4E21-B632-E100B8A47A64}.Release|iPhone.Build.0 = Release|Any CPU
		{A10B31CC-6260-4E21-B632-E100B8A47A64}.Release|iPhoneSimulator.ActiveCfg = Release|Any CPU
		{A10B31CC-6260-4E21-B632-E100B8A47A64}.Release|iPhoneSimulator.Build.0 = Release|Any CPU
		{B0AD4EA3-61E1-4F2D-800C-5A3C4077FE54}.Ad-Hoc|Any CPU.ActiveCfg = Release|Any CPU
		{B0AD4EA3-61E1-4F2D-800C-5A3C4077FE54}.Ad-Hoc|Any CPU.Build.0 = Release|Any CPU
		{B0AD4EA3-61E1-4F2D-800C-5A3C4077FE54}.Ad-Hoc|Any CPU.Deploy.0 = Release|Any CPU
		{B0AD4EA3-61E1-4F2D-800C-5A3C4077FE54}.Ad-Hoc|iPhone.ActiveCfg = Release|Any CPU
		{B0AD4EA3-61E1-4F2D-800C-5A3C4077FE54}.Ad-Hoc|iPhone.Build.0 = Release|Any CPU
		{B0AD4EA3-61E1-4F2D-800C-5A3C4077FE54}.Ad-Hoc|iPhone.Deploy.0 = Release|Any CPU
		{B0AD4EA3-61E1-4F2D-800C-5A3C4077FE54}.Ad-Hoc|iPhoneSimulator.ActiveCfg = Release|Any CPU
		{B0AD4EA3-61E1-4F2D-800C-5A3C4077FE54}.Ad-Hoc|iPhoneSimulator.Build.0 = Release|Any CPU
		{B0AD4EA3-61E1-4F2D-800C-5A3C4077FE54}.Ad-Hoc|iPhoneSimulator.Deploy.0 = Release|Any CPU
		{B0AD4EA3-61E1-4F2D-800C-5A3C4077FE54}.AppStore|Any CPU.ActiveCfg = Release|Any CPU
		{B0AD4EA3-61E1-4F2D-800C-5A3C4077FE54}.AppStore|Any CPU.Build.0 = Release|Any CPU
		{B0AD4EA3-61E1-4F2D-800C-5A3C4077FE54}.AppStore|Any CPU.Deploy.0 = Release|Any CPU
		{B0AD4EA3-61E1-4F2D-800C-5A3C4077FE54}.AppStore|iPhone.ActiveCfg = Release|Any CPU
		{B0AD4EA3-61E1-4F2D-800C-5A3C4077FE54}.AppStore|iPhone.Build.0 = Release|Any CPU
		{B0AD4EA3-61E1-4F2D-800C-5A3C4077FE54}.AppStore|iPhone.Deploy.0 = Release|Any CPU
		{B0AD4EA3-61E1-4F2D-800C-5A3C4077FE54}.AppStore|iPhoneSimulator.ActiveCfg = Release|Any CPU
		{B0AD4EA3-61E1-4F2D-800C-5A3C4077FE54}.AppStore|iPhoneSimulator.Build.0 = Release|Any CPU
		{B0AD4EA3-61E1-4F2D-800C-5A3C4077FE54}.AppStore|iPhoneSimulator.Deploy.0 = Release|Any CPU
		{B0AD4EA3-61E1-4F2D-800C-5A3C4077FE54}.Debug|Any CPU.ActiveCfg = Debug|Any CPU
		{B0AD4EA3-61E1-4F2D-800C-5A3C4077FE54}.Debug|Any CPU.Build.0 = Debug|Any CPU
		{B0AD4EA3-61E1-4F2D-800C-5A3C4077FE54}.Debug|Any CPU.Deploy.0 = Debug|Any CPU
		{B0AD4EA3-61E1-4F2D-800C-5A3C4077FE54}.Debug|iPhone.ActiveCfg = Debug|Any CPU
		{B0AD4EA3-61E1-4F2D-800C-5A3C4077FE54}.Debug|iPhone.Build.0 = Debug|Any CPU
		{B0AD4EA3-61E1-4F2D-800C-5A3C4077FE54}.Debug|iPhone.Deploy.0 = Debug|Any CPU
		{B0AD4EA3-61E1-4F2D-800C-5A3C4077FE54}.Debug|iPhoneSimulator.ActiveCfg = Debug|Any CPU
		{B0AD4EA3-61E1-4F2D-800C-5A3C4077FE54}.Debug|iPhoneSimulator.Build.0 = Debug|Any CPU
		{B0AD4EA3-61E1-4F2D-800C-5A3C4077FE54}.Debug|iPhoneSimulator.Deploy.0 = Debug|Any CPU
		{B0AD4EA3-61E1-4F2D-800C-5A3C4077FE54}.Release|Any CPU.ActiveCfg = Release|Any CPU
		{B0AD4EA3-61E1-4F2D-800C-5A3C4077FE54}.Release|Any CPU.Build.0 = Release|Any CPU
		{B0AD4EA3-61E1-4F2D-800C-5A3C4077FE54}.Release|Any CPU.Deploy.0 = Release|Any CPU
		{B0AD4EA3-61E1-4F2D-800C-5A3C4077FE54}.Release|iPhone.ActiveCfg = Release|Any CPU
		{B0AD4EA3-61E1-4F2D-800C-5A3C4077FE54}.Release|iPhone.Build.0 = Release|Any CPU
		{B0AD4EA3-61E1-4F2D-800C-5A3C4077FE54}.Release|iPhone.Deploy.0 = Release|Any CPU
		{B0AD4EA3-61E1-4F2D-800C-5A3C4077FE54}.Release|iPhoneSimulator.ActiveCfg = Release|Any CPU
		{B0AD4EA3-61E1-4F2D-800C-5A3C4077FE54}.Release|iPhoneSimulator.Build.0 = Release|Any CPU
		{B0AD4EA3-61E1-4F2D-800C-5A3C4077FE54}.Release|iPhoneSimulator.Deploy.0 = Release|Any CPU
		{99BD6EF3-351E-4E70-B608-2E4868DDD557}.Ad-Hoc|Any CPU.ActiveCfg = Ad-Hoc|iPhone
		{99BD6EF3-351E-4E70-B608-2E4868DDD557}.Ad-Hoc|iPhone.ActiveCfg = Ad-Hoc|iPhone
		{99BD6EF3-351E-4E70-B608-2E4868DDD557}.Ad-Hoc|iPhone.Build.0 = Ad-Hoc|iPhone
		{99BD6EF3-351E-4E70-B608-2E4868DDD557}.Ad-Hoc|iPhoneSimulator.ActiveCfg = Ad-Hoc|iPhoneSimulator
		{99BD6EF3-351E-4E70-B608-2E4868DDD557}.Ad-Hoc|iPhoneSimulator.Build.0 = Ad-Hoc|iPhoneSimulator
		{99BD6EF3-351E-4E70-B608-2E4868DDD557}.AppStore|Any CPU.ActiveCfg = AppStore|iPhone
		{99BD6EF3-351E-4E70-B608-2E4868DDD557}.AppStore|iPhone.ActiveCfg = AppStore|iPhone
		{99BD6EF3-351E-4E70-B608-2E4868DDD557}.AppStore|iPhone.Build.0 = AppStore|iPhone
		{99BD6EF3-351E-4E70-B608-2E4868DDD557}.AppStore|iPhoneSimulator.ActiveCfg = AppStore|iPhoneSimulator
		{99BD6EF3-351E-4E70-B608-2E4868DDD557}.AppStore|iPhoneSimulator.Build.0 = AppStore|iPhoneSimulator
		{99BD6EF3-351E-4E70-B608-2E4868DDD557}.Debug|Any CPU.ActiveCfg = Debug|iPhone
		{99BD6EF3-351E-4E70-B608-2E4868DDD557}.Debug|iPhone.ActiveCfg = Debug|iPhone
		{99BD6EF3-351E-4E70-B608-2E4868DDD557}.Debug|iPhone.Build.0 = Debug|iPhone
		{99BD6EF3-351E-4E70-B608-2E4868DDD557}.Debug|iPhoneSimulator.ActiveCfg = Debug|iPhoneSimulator
		{99BD6EF3-351E-4E70-B608-2E4868DDD557}.Debug|iPhoneSimulator.Build.0 = Debug|iPhoneSimulator
		{99BD6EF3-351E-4E70-B608-2E4868DDD557}.Release|Any CPU.ActiveCfg = Release|iPhone
		{99BD6EF3-351E-4E70-B608-2E4868DDD557}.Release|iPhone.ActiveCfg = Release|iPhone
		{99BD6EF3-351E-4E70-B608-2E4868DDD557}.Release|iPhone.Build.0 = Release|iPhone
		{99BD6EF3-351E-4E70-B608-2E4868DDD557}.Release|iPhoneSimulator.ActiveCfg = Release|iPhoneSimulator
		{99BD6EF3-351E-4E70-B608-2E4868DDD557}.Release|iPhoneSimulator.Build.0 = Release|iPhoneSimulator
		{184F66C3-1A62-4E09-BA34-603697740B6F}.Ad-Hoc|Any CPU.ActiveCfg = Release|Any CPU
		{184F66C3-1A62-4E09-BA34-603697740B6F}.Ad-Hoc|Any CPU.Build.0 = Release|Any CPU
		{184F66C3-1A62-4E09-BA34-603697740B6F}.Ad-Hoc|Any CPU.Deploy.0 = Release|Any CPU
		{184F66C3-1A62-4E09-BA34-603697740B6F}.Ad-Hoc|iPhone.ActiveCfg = Release|Any CPU
		{184F66C3-1A62-4E09-BA34-603697740B6F}.Ad-Hoc|iPhone.Build.0 = Release|Any CPU
		{184F66C3-1A62-4E09-BA34-603697740B6F}.Ad-Hoc|iPhone.Deploy.0 = Release|Any CPU
		{184F66C3-1A62-4E09-BA34-603697740B6F}.Ad-Hoc|iPhoneSimulator.ActiveCfg = Release|Any CPU
		{184F66C3-1A62-4E09-BA34-603697740B6F}.Ad-Hoc|iPhoneSimulator.Build.0 = Release|Any CPU
		{184F66C3-1A62-4E09-BA34-603697740B6F}.Ad-Hoc|iPhoneSimulator.Deploy.0 = Release|Any CPU
		{184F66C3-1A62-4E09-BA34-603697740B6F}.AppStore|Any CPU.ActiveCfg = Release|Any CPU
		{184F66C3-1A62-4E09-BA34-603697740B6F}.AppStore|Any CPU.Build.0 = Release|Any CPU
		{184F66C3-1A62-4E09-BA34-603697740B6F}.AppStore|Any CPU.Deploy.0 = Release|Any CPU
		{184F66C3-1A62-4E09-BA34-603697740B6F}.AppStore|iPhone.ActiveCfg = Release|Any CPU
		{184F66C3-1A62-4E09-BA34-603697740B6F}.AppStore|iPhone.Build.0 = Release|Any CPU
		{184F66C3-1A62-4E09-BA34-603697740B6F}.AppStore|iPhone.Deploy.0 = Release|Any CPU
		{184F66C3-1A62-4E09-BA34-603697740B6F}.AppStore|iPhoneSimulator.ActiveCfg = Release|Any CPU
		{184F66C3-1A62-4E09-BA34-603697740B6F}.AppStore|iPhoneSimulator.Build.0 = Release|Any CPU
		{184F66C3-1A62-4E09-BA34-603697740B6F}.AppStore|iPhoneSimulator.Deploy.0 = Release|Any CPU
		{184F66C3-1A62-4E09-BA34-603697740B6F}.Debug|Any CPU.ActiveCfg = Debug|Any CPU
		{184F66C3-1A62-4E09-BA34-603697740B6F}.Debug|Any CPU.Build.0 = Debug|Any CPU
		{184F66C3-1A62-4E09-BA34-603697740B6F}.Debug|Any CPU.Deploy.0 = Debug|Any CPU
		{184F66C3-1A62-4E09-BA34-603697740B6F}.Debug|iPhone.ActiveCfg = Debug|Any CPU
		{184F66C3-1A62-4E09-BA34-603697740B6F}.Debug|iPhone.Build.0 = Debug|Any CPU
		{184F66C3-1A62-4E09-BA34-603697740B6F}.Debug|iPhone.Deploy.0 = Debug|Any CPU
		{184F66C3-1A62-4E09-BA34-603697740B6F}.Debug|iPhoneSimulator.ActiveCfg = Debug|Any CPU
		{184F66C3-1A62-4E09-BA34-603697740B6F}.Debug|iPhoneSimulator.Build.0 = Debug|Any CPU
		{184F66C3-1A62-4E09-BA34-603697740B6F}.Debug|iPhoneSimulator.Deploy.0 = Debug|Any CPU
		{184F66C3-1A62-4E09-BA34-603697740B6F}.Release|Any CPU.ActiveCfg = Release|Any CPU
		{184F66C3-1A62-4E09-BA34-603697740B6F}.Release|Any CPU.Build.0 = Release|Any CPU
		{184F66C3-1A62-4E09-BA34-603697740B6F}.Release|Any CPU.Deploy.0 = Release|Any CPU
		{184F66C3-1A62-4E09-BA34-603697740B6F}.Release|iPhone.ActiveCfg = Release|Any CPU
		{184F66C3-1A62-4E09-BA34-603697740B6F}.Release|iPhone.Build.0 = Release|Any CPU
		{184F66C3-1A62-4E09-BA34-603697740B6F}.Release|iPhone.Deploy.0 = Release|Any CPU
		{184F66C3-1A62-4E09-BA34-603697740B6F}.Release|iPhoneSimulator.ActiveCfg = Release|Any CPU
		{184F66C3-1A62-4E09-BA34-603697740B6F}.Release|iPhoneSimulator.Build.0 = Release|Any CPU
		{184F66C3-1A62-4E09-BA34-603697740B6F}.Release|iPhoneSimulator.Deploy.0 = Release|Any CPU
		{D4BE2937-FE8F-4E84-ABE7-9627B11FA8C8}.Ad-Hoc|Any CPU.ActiveCfg = Release|iPhone
		{D4BE2937-FE8F-4E84-ABE7-9627B11FA8C8}.Ad-Hoc|Any CPU.Build.0 = Release|iPhone
		{D4BE2937-FE8F-4E84-ABE7-9627B11FA8C8}.Ad-Hoc|iPhone.ActiveCfg = Release|iPhone
		{D4BE2937-FE8F-4E84-ABE7-9627B11FA8C8}.Ad-Hoc|iPhone.Build.0 = Release|iPhone
		{D4BE2937-FE8F-4E84-ABE7-9627B11FA8C8}.Ad-Hoc|iPhoneSimulator.ActiveCfg = Release|iPhoneSimulator
		{D4BE2937-FE8F-4E84-ABE7-9627B11FA8C8}.Ad-Hoc|iPhoneSimulator.Build.0 = Release|iPhoneSimulator
		{D4BE2937-FE8F-4E84-ABE7-9627B11FA8C8}.AppStore|Any CPU.ActiveCfg = Release|iPhone
		{D4BE2937-FE8F-4E84-ABE7-9627B11FA8C8}.AppStore|Any CPU.Build.0 = Release|iPhone
		{D4BE2937-FE8F-4E84-ABE7-9627B11FA8C8}.AppStore|iPhone.ActiveCfg = Release|iPhone
		{D4BE2937-FE8F-4E84-ABE7-9627B11FA8C8}.AppStore|iPhone.Build.0 = Release|iPhone
		{D4BE2937-FE8F-4E84-ABE7-9627B11FA8C8}.AppStore|iPhoneSimulator.ActiveCfg = Release|iPhoneSimulator
		{D4BE2937-FE8F-4E84-ABE7-9627B11FA8C8}.AppStore|iPhoneSimulator.Build.0 = Release|iPhoneSimulator
		{D4BE2937-FE8F-4E84-ABE7-9627B11FA8C8}.Debug|Any CPU.ActiveCfg = Debug|iPhone
		{D4BE2937-FE8F-4E84-ABE7-9627B11FA8C8}.Debug|iPhone.ActiveCfg = Debug|iPhone
		{D4BE2937-FE8F-4E84-ABE7-9627B11FA8C8}.Debug|iPhone.Build.0 = Debug|iPhone
		{D4BE2937-FE8F-4E84-ABE7-9627B11FA8C8}.Debug|iPhoneSimulator.ActiveCfg = Debug|iPhoneSimulator
		{D4BE2937-FE8F-4E84-ABE7-9627B11FA8C8}.Debug|iPhoneSimulator.Build.0 = Debug|iPhoneSimulator
		{D4BE2937-FE8F-4E84-ABE7-9627B11FA8C8}.Release|Any CPU.ActiveCfg = Release|iPhone
		{D4BE2937-FE8F-4E84-ABE7-9627B11FA8C8}.Release|iPhone.ActiveCfg = Release|iPhone
		{D4BE2937-FE8F-4E84-ABE7-9627B11FA8C8}.Release|iPhone.Build.0 = Release|iPhone
		{D4BE2937-FE8F-4E84-ABE7-9627B11FA8C8}.Release|iPhoneSimulator.ActiveCfg = Release|iPhoneSimulator
		{D4BE2937-FE8F-4E84-ABE7-9627B11FA8C8}.Release|iPhoneSimulator.Build.0 = Release|iPhoneSimulator
	EndGlobalSection
	GlobalSection(SolutionProperties) = preSolution
		HideSolutionNode = FALSE
	EndGlobalSection
	GlobalSection(ExtensibilityGlobals) = postSolution
		SolutionGuid = {41715A7A-EBCD-4B51-A70A-6AE33E0A10A5}
	EndGlobalSection
EndGlobal
